Microsoft Visual Studio Solution File, Format Version 12.00
# Visual Studio Version 17
VisualStudioVersion = 17.5.2.0
MinimumVisualStudioVersion = 10.0.40219.1
Project("{FAE04EC0-301F-11D3-BF4B-00C04F79EFBC}") = "YALuaToy", "YALuaToy\YALuaToy.csproj", "{8AF6B5EE-1739-608A-818F-85B581A1D5E1}"
EndProject
Project("{FAE04EC0-301F-11D3-BF4B-00C04F79EFBC}") = "Playground", "Playground\Playground.csproj", "{D08641A0-09DF-4530-B31B-DA3BBDBFE4F9}"
EndProject
Project("{FAE04EC0-301F-11D3-BF4B-00C04F79EFBC}") = "YALuaToy.Tests", "YALuaToy.Tests\YALuaToy.Tests.csproj", "{C307872D-A534-4708-BCA4-3C8B9A5C7D00}"
EndProject
Project("{FAE04EC0-301F-11D3-BF4B-00C04F79EFBC}") = "YALuaToy.StandardLibrary", "YALuaToy.StandardLibrary\YALuaToy.StandardLibrary.csproj", "{31BE2F4F-0251-44CE-B8C5-68B8A42142F7}"
EndProject
Project("{FAE04EC0-301F-11D3-BF4B-00C04F79EFBC}") = "YALuaToy.Interpreter", "YALuaToy.Interpreter\YALuaToy.Interpreter.csproj", "{2E1ECD2C-8EDD-48F2-A466-D69CF3BDC177}"
EndProject
Global
	GlobalSection(SolutionConfigurationPlatforms) = preSolution
		Debug|Any CPU = Debug|Any CPU
		Release|Any CPU = Release|Any CPU
	EndGlobalSection
	GlobalSection(ProjectConfigurationPlatforms) = postSolution
		{8AF6B5EE-1739-608A-818F-85B581A1D5E1}.Debug|Any CPU.ActiveCfg = Debug|Any CPU
		{8AF6B5EE-1739-608A-818F-85B581A1D5E1}.Debug|Any CPU.Build.0 = Debug|Any CPU
		{8AF6B5EE-1739-608A-818F-85B581A1D5E1}.Release|Any CPU.ActiveCfg = Release|Any CPU
		{8AF6B5EE-1739-608A-818F-85B581A1D5E1}.Release|Any CPU.Build.0 = Release|Any CPU
		{D08641A0-09DF-4530-B31B-DA3BBDBFE4F9}.Debug|Any CPU.ActiveCfg = Debug|Any CPU
		{D08641A0-09DF-4530-B31B-DA3BBDBFE4F9}.Debug|Any CPU.Build.0 = Debug|Any CPU
		{D08641A0-09DF-4530-B31B-DA3BBDBFE4F9}.Release|Any CPU.ActiveCfg = Release|Any CPU
		{D08641A0-09DF-4530-B31B-DA3BBDBFE4F9}.Release|Any CPU.Build.0 = Release|Any CPU
		{C307872D-A534-4708-BCA4-3C8B9A5C7D00}.Debug|Any CPU.ActiveCfg = Debug|Any CPU
		{C307872D-A534-4708-BCA4-3C8B9A5C7D00}.Debug|Any CPU.Build.0 = Debug|Any CPU
		{C307872D-A534-4708-BCA4-3C8B9A5C7D00}.Release|Any CPU.ActiveCfg = Release|Any CPU
		{C307872D-A534-4708-BCA4-3C8B9A5C7D00}.Release|Any CPU.Build.0 = Release|Any CPU
		{31BE2F4F-0251-44CE-B8C5-68B8A42142F7}.Debug|Any CPU.ActiveCfg = Debug|Any CPU
		{31BE2F4F-0251-44CE-B8C5-68B8A42142F7}.Debug|Any CPU.Build.0 = Debug|Any CPU
		{31BE2F4F-0251-44CE-B8C5-68B8A42142F7}.Release|Any CPU.ActiveCfg = Release|Any CPU
		{31BE2F4F-0251-44CE-B8C5-68B8A42142F7}.Release|Any CPU.Build.0 = Release|Any CPU
		{2E1ECD2C-8EDD-48F2-A466-D69CF3BDC177}.Debug|Any CPU.ActiveCfg = Debug|Any CPU
		{2E1ECD2C-8EDD-48F2-A466-D69CF3BDC177}.Debug|Any CPU.Build.0 = Debug|Any CPU
		{2E1ECD2C-8EDD-48F2-A466-D69CF3BDC177}.Release|Any CPU.ActiveCfg = Release|Any CPU
		{2E1ECD2C-8EDD-48F2-A466-D69CF3BDC177}.Release|Any CPU.Build.0 = Release|Any CPU
	EndGlobalSection
	GlobalSection(SolutionProperties) = preSolution
		HideSolutionNode = FALSE
	EndGlobalSection
	GlobalSection(ExtensibilityGlobals) = postSolution
		SolutionGuid = {43DE396F-2E70-447C-9ED4-269A2022F1C2}
	EndGlobalSection
EndGlobal
